
Microsoft Visual Studio Solution File, Format Version 12.00
# Visual Studio Version 17
VisualStudioVersion = 17.12.35707.178
MinimumVisualStudioVersion = 10.0.40219.1
Project("{FAE04EC0-301F-11D3-BF4B-00C04F79EFBC}") = "AvaloniaHotMarkdown.Demo", "AvaloniaHotMarkdown.Demo\AvaloniaHotMarkdown.Demo.csproj", "{ED904455-CE4F-4D91-AA6E-A0870F3CF406}"
EndProject
Project("{FAE04EC0-301F-11D3-BF4B-00C04F79EFBC}") = "AvaloniaHotMarkdown", "AvaloniaHotMarkdown\AvaloniaHotMarkdown.csproj", "{AAECCEC6-7481-4C8A-B4F9-7C75B6194164}"
EndProject
Project("{FAE04EC0-301F-11D3-BF4B-00C04F79EFBC}") = "Tests", "Tests\Tests.csproj", "{4A461026-8C99-4F01-A6D8-3D0CD977707A}"
EndProject
Global
	GlobalSection(SolutionConfigurationPlatforms) = preSolution
		Debug|Any CPU = Debug|Any CPU
		Release|Any CPU = Release|Any CPU
	EndGlobalSection
	GlobalSection(ProjectConfigurationPlatforms) = postSolution
		{ED904455-CE4F-4D91-AA6E-A0870F3CF406}.Debug|Any CPU.ActiveCfg = Debug|Any CPU
		{ED904455-CE4F-4D91-AA6E-A0870F3CF406}.Debug|Any CPU.Build.0 = Debug|Any CPU
		{ED904455-CE4F-4D91-AA6E-A0870F3CF406}.Release|Any CPU.ActiveCfg = Release|Any CPU
		{ED904455-CE4F-4D91-AA6E-A0870F3CF406}.Release|Any CPU.Build.0 = Release|Any CPU
		{AAECCEC6-7481-4C8A-B4F9-7C75B6194164}.Debug|Any CPU.ActiveCfg = Debug|Any CPU
		{AAECCEC6-7481-4C8A-B4F9-7C75B6194164}.Debug|Any CPU.Build.0 = Debug|Any CPU
		{AAECCEC6-7481-4C8A-B4F9-7C75B6194164}.Release|Any CPU.ActiveCfg = Release|Any CPU
		{AAECCEC6-7481-4C8A-B4F9-7C75B6194164}.Release|Any CPU.Build.0 = Release|Any CPU
		{4A461026-8C99-4F01-A6D8-3D0CD977707A}.Debug|Any CPU.ActiveCfg = Debug|Any CPU
		{4A461026-8C99-4F01-A6D8-3D0CD977707A}.Debug|Any CPU.Build.0 = Debug|Any CPU
		{4A461026-8C99-4F01-A6D8-3D0CD977707A}.Release|Any CPU.ActiveCfg = Release|Any CPU
		{4A461026-8C99-4F01-A6D8-3D0CD977707A}.Release|Any CPU.Build.0 = Release|Any CPU
	EndGlobalSection
	GlobalSection(SolutionProperties) = preSolution
		HideSolutionNode = FALSE
	EndGlobalSection
EndGlobal
